{
  "originHash" : "953aefffc72bd937978f7edd8c99090aec39bc10231f0f1d09b4d4e63c511459",
  "pins" : [
    {
      "identity" : "wwswiftui_charts",
      "kind" : "remoteSourceControl",
      "location" : "https://github.com/William-Weng/WWSwiftUI_Charts",
      "state" : {
        "revision" : "7ffe360de27d7fff80bba11099e9511555e6e710",
        "version" : "1.2.1"
      }
    },
    {
      "identity" : "wwswiftui_multidatepicker",
      "kind" : "remoteSourceControl",
      "location" : "https://github.com/William-Weng/WWSwiftUI_MultiDatePicker",
      "state" : {
        "revision" : "db95e9a9bea43ec7ed6d308e950fe3f29790c7b3",
        "version" : "1.2.1"
      }
    }
  ],
  "version" : 3
}
