{
  "originHash" : "953aefffc72bd937978f7edd8c99090aec39bc10231f0f1d09b4d4e63c511459",
  "pins" : [
    {
      "identity" : "wwswiftui_charts",
      "kind" : "remoteSourceControl",
      "location" : "https://github.com/William-Weng/WWSwiftUI_Charts",
      "state" : {
        "revision" : "426240f0dda12e397f7de60b7b32e0c77e076225",
        "version" : "1.1.0"
      }
    },
    {
      "identity" : "wwswiftui_multidatepicker",
      "kind" : "remoteSourceControl",
      "location" : "https://github.com/William-Weng/WWSwiftUI_MultiDatePicker",
      "state" : {
        "revision" : "7e2f7b4175d4fcc8758f99c66579bb4f6c0b557c",
        "version" : "1.1.7"
      }
    }
  ],
  "version" : 3
}
