{
  "originHash" : "6d5a3b0473f76222ed1bcb6399f10b5b740575617bd1bc98c622f8f1bda8bb11",
  "pins" : [
    {
      "identity" : "wwswiftui_multidatepicker",
      "kind" : "remoteSourceControl",
      "location" : "https://github.com/William-Weng/WWSwiftUI_MultiDatePicker",
      "state" : {
        "revision" : "46d5189afa04d88fe822e99a95a9b35caf722e53",
        "version" : "1.2.0"
      }
    }
  ],
  "version" : 3
}
